// !$*UTF8*$!
{
	archiveVersion = 1;
	classes = {
	};
	objectVersion = 56;
	objects = {

/* Begin PBXBuildFile section */
		ED42984D2B76340B0086DE20 /* LandMarkApp.swift in Sources */ = {isa = PBXBuildFile; fileRef = ED42984C2B76340B0086DE20 /* LandMarkApp.swift */; };
		ED42984F2B76340B0086DE20 /* ContentView.swift in Sources */ = {isa = PBXBuildFile; fileRef = ED42984E2B76340B0086DE20 /* ContentView.swift */; };
		ED4298512B76340C0086DE20 /* Assets.xcassets in Resources */ = {isa = PBXBuildFile; fileRef = ED4298502B76340C0086DE20 /* Assets.xcassets */; };
		ED4298542B76340C0086DE20 /* Preview Assets.xcassets in Resources */ = {isa = PBXBuildFile; fileRef = ED4298532B76340C0086DE20 /* Preview Assets.xcassets */; };
		ED42985E2B76340D0086DE20 /* LandMarkTests.swift in Sources */ = {isa = PBXBuildFile; fileRef = ED42985D2B76340D0086DE20 /* LandMarkTests.swift */; };
		ED4298682B76340D0086DE20 /* LandMarkUITests.swift in Sources */ = {isa = PBXBuildFile; fileRef = ED4298672B76340D0086DE20 /* LandMarkUITests.swift */; };
		ED42986A2B76340D0086DE20 /* LandMarkUITestsLaunchTests.swift in Sources */ = {isa = PBXBuildFile; fileRef = ED4298692B76340D0086DE20 /* LandMarkUITestsLaunchTests.swift */; };
		ED42987B2B76462F0086DE20 /* CircleImage.swift in Sources */ = {isa = PBXBuildFile; fileRef = ED42987A2B76462F0086DE20 /* CircleImage.swift */; };
		ED42987D2B7647460086DE20 /* MapView.swift in Sources */ = {isa = PBXBuildFile; fileRef = ED42987C2B7647460086DE20 /* MapView.swift */; };
		ED42987F2B79E1CD0086DE20 /* landmarkData.json in Resources */ = {isa = PBXBuildFile; fileRef = ED42987E2B79E1CD0086DE20 /* landmarkData.json */; };
		ED4298812B79E20B0086DE20 /* Landmark.swift in Sources */ = {isa = PBXBuildFile; fileRef = ED4298802B79E20B0086DE20 /* Landmark.swift */; };
		ED4298852B79EBB40086DE20 /* ModelData.swift in Sources */ = {isa = PBXBuildFile; fileRef = ED4298842B79EBB40086DE20 /* ModelData.swift */; };
		ED42988A2B79F6F90086DE20 /* LandmarkRow.swift in Sources */ = {isa = PBXBuildFile; fileRef = ED4298892B79F6F90086DE20 /* LandmarkRow.swift */; };
		ED42988C2B79FEED0086DE20 /* LandmarkList.swift in Sources */ = {isa = PBXBuildFile; fileRef = ED42988B2B79FEED0086DE20 /* LandmarkList.swift */; };
		ED42988E2B7A00A70086DE20 /* LandmarkDetail.swift in Sources */ = {isa = PBXBuildFile; fileRef = ED42988D2B7A00A70086DE20 /* LandmarkDetail.swift */; };
		ED4298902B7A35920086DE20 /* FavoriteButton.swift in Sources */ = {isa = PBXBuildFile; fileRef = ED42988F2B7A35920086DE20 /* FavoriteButton.swift */; };
		ED4298942B7A43AA0086DE20 /* HexagonParameters.swift in Sources */ = {isa = PBXBuildFile; fileRef = ED4298932B7A43AA0086DE20 /* HexagonParameters.swift */; };
		ED4298962B7A47EB0086DE20 /* BadgeBackground.swift in Sources */ = {isa = PBXBuildFile; fileRef = ED4298952B7A47EB0086DE20 /* BadgeBackground.swift */; };
		ED4298982B7A86770086DE20 /* BadgeSymbol.swift in Sources */ = {isa = PBXBuildFile; fileRef = ED4298972B7A86770086DE20 /* BadgeSymbol.swift */; };
		ED42989A2B7A8C780086DE20 /* RotatedBadgeSymbol.swift in Sources */ = {isa = PBXBuildFile; fileRef = ED4298992B7A8C780086DE20 /* RotatedBadgeSymbol.swift */; };
		ED42989C2B7A8CE40086DE20 /* Badge.swift in Sources */ = {isa = PBXBuildFile; fileRef = ED42989B2B7A8CE40086DE20 /* Badge.swift */; };
		ED42989F2B7B2D380086DE20 /* hikeData.json in Resources */ = {isa = PBXBuildFile; fileRef = ED42989E2B7B2D380086DE20 /* hikeData.json */; };
		ED4298A12B7B2D550086DE20 /* Hike.swift in Sources */ = {isa = PBXBuildFile; fileRef = ED4298A02B7B2D550086DE20 /* Hike.swift */; };
		ED4298A72B7B30D20086DE20 /* GraphCapsule.swift in Sources */ = {isa = PBXBuildFile; fileRef = ED4298A32B7B30D10086DE20 /* GraphCapsule.swift */; };
		ED4298A82B7B30D20086DE20 /* HikeGraph.swift in Sources */ = {isa = PBXBuildFile; fileRef = ED4298A42B7B30D10086DE20 /* HikeGraph.swift */; };
		ED4298A92B7B30D20086DE20 /* HikeDetail.swift in Sources */ = {isa = PBXBuildFile; fileRef = ED4298A52B7B30D10086DE20 /* HikeDetail.swift */; };
		ED4298AA2B7B30D20086DE20 /* HikeView.swift in Sources */ = {isa = PBXBuildFile; fileRef = ED4298A62B7B30D10086DE20 /* HikeView.swift */; };
		ED4298AC2B7B46B00086DE20 /* CategoryHome.swift in Sources */ = {isa = PBXBuildFile; fileRef = ED4298AB2B7B46B00086DE20 /* CategoryHome.swift */; };
		ED4298AE2B7B4BFE0086DE20 /* CategoryRow.swift in Sources */ = {isa = PBXBuildFile; fileRef = ED4298AD2B7B4BFE0086DE20 /* CategoryRow.swift */; };
		ED76895F2B7B5C4A00441726 /* CategoryItem.swift in Sources */ = {isa = PBXBuildFile; fileRef = ED76895E2B7B5C4A00441726 /* CategoryItem.swift */; };
		ED7689622B7B64B600441726 /* Profile.swift in Sources */ = {isa = PBXBuildFile; fileRef = ED7689612B7B64B600441726 /* Profile.swift */; };
		ED7689652B7B65B700441726 /* ProfileHost.swift in Sources */ = {isa = PBXBuildFile; fileRef = ED7689642B7B65B700441726 /* ProfileHost.swift */; };
		ED7689672B7B67B500441726 /* ProfileSummary.swift in Sources */ = {isa = PBXBuildFile; fileRef = ED7689662B7B67B500441726 /* ProfileSummary.swift */; };
		ED7689692B7B6AE300441726 /* HikeBadge.swift in Sources */ = {isa = PBXBuildFile; fileRef = ED7689682B7B6AE300441726 /* HikeBadge.swift */; };
		ED76896B2B7B713400441726 /* ProfileEditor.swift in Sources */ = {isa = PBXBuildFile; fileRef = ED76896A2B7B713400441726 /* ProfileEditor.swift */; };
/* End PBXBuildFile section */

/* Begin PBXContainerItemProxy section */
		ED42985A2B76340D0086DE20 /* PBXContainerItemProxy */ = {
			isa = PBXContainerItemProxy;
			containerPortal = ED4298412B76340B0086DE20 /* Project object */;
			proxyType = 1;
			remoteGlobalIDString = ED4298482B76340B0086DE20;
			remoteInfo = LandMark;
		};
		ED4298642B76340D0086DE20 /* PBXContainerItemProxy */ = {
			isa = PBXContainerItemProxy;
			containerPortal = ED4298412B76340B0086DE20 /* Project object */;
			proxyType = 1;
			remoteGlobalIDString = ED4298482B76340B0086DE20;
			remoteInfo = LandMark;
		};
/* End PBXContainerItemProxy section */

/* Begin PBXFileReference section */
		ED4298492B76340B0086DE20 /* LandMark.app */ = {isa = PBXFileReference; explicitFileType = wrapper.application; includeInIndex = 0; path = LandMark.app; sourceTree = BUILT_PRODUCTS_DIR; };
		ED42984C2B76340B0086DE20 /* LandMarkApp.swift */ = {isa = PBXFileReference; lastKnownFileType = sourcecode.swift; path = LandMarkApp.swift; sourceTree = "<group>"; };
		ED42984E2B76340B0086DE20 /* ContentView.swift */ = {isa = PBXFileReference; lastKnownFileType = sourcecode.swift; path = ContentView.swift; sourceTree = "<group>"; };
		ED4298502B76340C0086DE20 /* Assets.xcassets */ = {isa = PBXFileReference; lastKnownFileType = folder.assetcatalog; path = Assets.xcassets; sourceTree = "<group>"; };
		ED4298532B76340C0086DE20 /* Preview Assets.xcassets */ = {isa = PBXFileReference; lastKnownFileType = folder.assetcatalog; path = "Preview Assets.xcassets"; sourceTree = "<group>"; };
		ED4298592B76340D0086DE20 /* LandMarkTests.xctest */ = {isa = PBXFileReference; explicitFileType = wrapper.cfbundle; includeInIndex = 0; path = LandMarkTests.xctest; sourceTree = BUILT_PRODUCTS_DIR; };
		ED42985D2B76340D0086DE20 /* LandMarkTests.swift */ = {isa = PBXFileReference; lastKnownFileType = sourcecode.swift; path = LandMarkTests.swift; sourceTree = "<group>"; };
		ED4298632B76340D0086DE20 /* LandMarkUITests.xctest */ = {isa = PBXFileReference; explicitFileType = wrapper.cfbundle; includeInIndex = 0; path = LandMarkUITests.xctest; sourceTree = BUILT_PRODUCTS_DIR; };
		ED4298672B76340D0086DE20 /* LandMarkUITests.swift */ = {isa = PBXFileReference; lastKnownFileType = sourcecode.swift; path = LandMarkUITests.swift; sourceTree = "<group>"; };
		ED4298692B76340D0086DE20 /* LandMarkUITestsLaunchTests.swift */ = {isa = PBXFileReference; lastKnownFileType = sourcecode.swift; path = LandMarkUITestsLaunchTests.swift; sourceTree = "<group>"; };
		ED42987A2B76462F0086DE20 /* CircleImage.swift */ = {isa = PBXFileReference; lastKnownFileType = sourcecode.swift; path = CircleImage.swift; sourceTree = "<group>"; };
		ED42987C2B7647460086DE20 /* MapView.swift */ = {isa = PBXFileReference; lastKnownFileType = sourcecode.swift; path = MapView.swift; sourceTree = "<group>"; };
		ED42987E2B79E1CD0086DE20 /* landmarkData.json */ = {isa = PBXFileReference; fileEncoding = 4; lastKnownFileType = text.json; path = landmarkData.json; sourceTree = "<group>"; };
		ED4298802B79E20B0086DE20 /* Landmark.swift */ = {isa = PBXFileReference; lastKnownFileType = sourcecode.swift; path = Landmark.swift; sourceTree = "<group>"; };
		ED4298842B79EBB40086DE20 /* ModelData.swift */ = {isa = PBXFileReference; lastKnownFileType = sourcecode.swift; path = ModelData.swift; sourceTree = "<group>"; };
		ED4298892B79F6F90086DE20 /* LandmarkRow.swift */ = {isa = PBXFileReference; lastKnownFileType = sourcecode.swift; path = LandmarkRow.swift; sourceTree = "<group>"; };
		ED42988B2B79FEED0086DE20 /* LandmarkList.swift */ = {isa = PBXFileReference; lastKnownFileType = sourcecode.swift; path = LandmarkList.swift; sourceTree = "<group>"; };
		ED42988D2B7A00A70086DE20 /* LandmarkDetail.swift */ = {isa = PBXFileReference; lastKnownFileType = sourcecode.swift; path = LandmarkDetail.swift; sourceTree = "<group>"; };
		ED42988F2B7A35920086DE20 /* FavoriteButton.swift */ = {isa = PBXFileReference; lastKnownFileType = sourcecode.swift; path = FavoriteButton.swift; sourceTree = "<group>"; };
		ED4298932B7A43AA0086DE20 /* HexagonParameters.swift */ = {isa = PBXFileReference; lastKnownFileType = sourcecode.swift; path = HexagonParameters.swift; sourceTree = "<group>"; };
		ED4298952B7A47EB0086DE20 /* BadgeBackground.swift */ = {isa = PBXFileReference; lastKnownFileType = sourcecode.swift; path = BadgeBackground.swift; sourceTree = "<group>"; };
		ED4298972B7A86770086DE20 /* BadgeSymbol.swift */ = {isa = PBXFileReference; lastKnownFileType = sourcecode.swift; path = BadgeSymbol.swift; sourceTree = "<group>"; };
		ED4298992B7A8C780086DE20 /* RotatedBadgeSymbol.swift */ = {isa = PBXFileReference; lastKnownFileType = sourcecode.swift; path = RotatedBadgeSymbol.swift; sourceTree = "<group>"; };
		ED42989B2B7A8CE40086DE20 /* Badge.swift */ = {isa = PBXFileReference; lastKnownFileType = sourcecode.swift; path = Badge.swift; sourceTree = "<group>"; };
		ED42989E2B7B2D380086DE20 /* hikeData.json */ = {isa = PBXFileReference; fileEncoding = 4; lastKnownFileType = text.json; path = hikeData.json; sourceTree = "<group>"; };
		ED4298A02B7B2D550086DE20 /* Hike.swift */ = {isa = PBXFileReference; lastKnownFileType = sourcecode.swift; path = Hike.swift; sourceTree = "<group>"; };
		ED4298A32B7B30D10086DE20 /* GraphCapsule.swift */ = {isa = PBXFileReference; fileEncoding = 4; lastKnownFileType = sourcecode.swift; path = GraphCapsule.swift; sourceTree = "<group>"; };
		ED4298A42B7B30D10086DE20 /* HikeGraph.swift */ = {isa = PBXFileReference; fileEncoding = 4; lastKnownFileType = sourcecode.swift; path = HikeGraph.swift; sourceTree = "<group>"; };
		ED4298A52B7B30D10086DE20 /* HikeDetail.swift */ = {isa = PBXFileReference; fileEncoding = 4; lastKnownFileType = sourcecode.swift; path = HikeDetail.swift; sourceTree = "<group>"; };
		ED4298A62B7B30D10086DE20 /* HikeView.swift */ = {isa = PBXFileReference; fileEncoding = 4; lastKnownFileType = sourcecode.swift; path = HikeView.swift; sourceTree = "<group>"; };
		ED4298AB2B7B46B00086DE20 /* CategoryHome.swift */ = {isa = PBXFileReference; lastKnownFileType = sourcecode.swift; path = CategoryHome.swift; sourceTree = "<group>"; };
		ED4298AD2B7B4BFE0086DE20 /* CategoryRow.swift */ = {isa = PBXFileReference; lastKnownFileType = sourcecode.swift; path = CategoryRow.swift; sourceTree = "<group>"; };
		ED76895E2B7B5C4A00441726 /* CategoryItem.swift */ = {isa = PBXFileReference; lastKnownFileType = sourcecode.swift; path = CategoryItem.swift; sourceTree = "<group>"; };
		ED7689612B7B64B600441726 /* Profile.swift */ = {isa = PBXFileReference; lastKnownFileType = sourcecode.swift; path = Profile.swift; sourceTree = "<group>"; };
		ED7689642B7B65B700441726 /* ProfileHost.swift */ = {isa = PBXFileReference; lastKnownFileType = sourcecode.swift; path = ProfileHost.swift; sourceTree = "<group>"; };
		ED7689662B7B67B500441726 /* ProfileSummary.swift */ = {isa = PBXFileReference; lastKnownFileType = sourcecode.swift; path = ProfileSummary.swift; sourceTree = "<group>"; };
		ED7689682B7B6AE300441726 /* HikeBadge.swift */ = {isa = PBXFileReference; lastKnownFileType = sourcecode.swift; path = HikeBadge.swift; sourceTree = "<group>"; };
		ED76896A2B7B713400441726 /* ProfileEditor.swift */ = {isa = PBXFileReference; lastKnownFileType = sourcecode.swift; path = ProfileEditor.swift; sourceTree = "<group>"; };
/* End PBXFileReference section */

/* Begin PBXFrameworksBuildPhase section */
		ED4298462B76340B0086DE20 /* Frameworks */ = {
			isa = PBXFrameworksBuildPhase;
			buildActionMask = 2147483647;
			files = (
			);
			runOnlyForDeploymentPostprocessing = 0;
		};
		ED4298562B76340D0086DE20 /* Frameworks */ = {
			isa = PBXFrameworksBuildPhase;
			buildActionMask = 2147483647;
			files = (
			);
			runOnlyForDeploymentPostprocessing = 0;
		};
		ED4298602B76340D0086DE20 /* Frameworks */ = {
			isa = PBXFrameworksBuildPhase;
			buildActionMask = 2147483647;
			files = (
			);
			runOnlyForDeploymentPostprocessing = 0;
		};
/* End PBXFrameworksBuildPhase section */

/* Begin PBXGroup section */
		ED4298402B76340B0086DE20 = {
			isa = PBXGroup;
			children = (
				ED42984B2B76340B0086DE20 /* LandMark */,
				ED42985C2B76340D0086DE20 /* LandMarkTests */,
				ED4298662B76340D0086DE20 /* LandMarkUITests */,
				ED42984A2B76340B0086DE20 /* Products */,
			);
			sourceTree = "<group>";
		};
		ED42984A2B76340B0086DE20 /* Products */ = {
			isa = PBXGroup;
			children = (
				ED4298492B76340B0086DE20 /* LandMark.app */,
				ED4298592B76340D0086DE20 /* LandMarkTests.xctest */,
				ED4298632B76340D0086DE20 /* LandMarkUITests.xctest */,
			);
			name = Products;
			sourceTree = "<group>";
		};
		ED42984B2B76340B0086DE20 /* LandMark */ = {
			isa = PBXGroup;
			children = (
				ED42984C2B76340B0086DE20 /* LandMarkApp.swift */,
				ED4298862B79F2B50086DE20 /* Views */,
				ED4298872B79F2E20086DE20 /* Model */,
				ED4298882B79F3000086DE20 /* Resources */,
				ED4298502B76340C0086DE20 /* Assets.xcassets */,
				ED4298522B76340C0086DE20 /* Preview Content */,
			);
			path = LandMark;
			sourceTree = "<group>";
		};
		ED4298522B76340C0086DE20 /* Preview Content */ = {
			isa = PBXGroup;
			children = (
				ED4298532B76340C0086DE20 /* Preview Assets.xcassets */,
			);
			path = "Preview Content";
			sourceTree = "<group>";
		};
		ED42985C2B76340D0086DE20 /* LandMarkTests */ = {
			isa = PBXGroup;
			children = (
				ED42985D2B76340D0086DE20 /* LandMarkTests.swift */,
			);
			path = LandMarkTests;
			sourceTree = "<group>";
		};
		ED4298662B76340D0086DE20 /* LandMarkUITests */ = {
			isa = PBXGroup;
			children = (
				ED4298672B76340D0086DE20 /* LandMarkUITests.swift */,
				ED4298692B76340D0086DE20 /* LandMarkUITestsLaunchTests.swift */,
			);
			path = LandMarkUITests;
			sourceTree = "<group>";
		};
		ED4298862B79F2B50086DE20 /* Views */ = {
			isa = PBXGroup;
			children = (
				ED7689632B7B659E00441726 /* Profile */,
				ED4298A22B7B30D10086DE20 /* Hikes */,
				ED4298912B7A383E0086DE20 /* Helper */,
				ED42984E2B76340B0086DE20 /* ContentView.swift */,
				ED4298922B7A384F0086DE20 /* Landmarks */,
				ED42989D2B7A8F500086DE20 /* Badges */,
				ED7689602B7B648F00441726 /* Category */,
			);
			path = Views;
			sourceTree = "<group>";
		};
		ED4298872B79F2E20086DE20 /* Model */ = {
			isa = PBXGroup;
			children = (
				ED4298802B79E20B0086DE20 /* Landmark.swift */,
				ED4298842B79EBB40086DE20 /* ModelData.swift */,
				ED7689612B7B64B600441726 /* Profile.swift */,
				ED4298A02B7B2D550086DE20 /* Hike.swift */,
			);
			path = Model;
			sourceTree = "<group>";
		};
		ED4298882B79F3000086DE20 /* Resources */ = {
			isa = PBXGroup;
			children = (
				ED42989E2B7B2D380086DE20 /* hikeData.json */,
				ED42987E2B79E1CD0086DE20 /* landmarkData.json */,
			);
			path = Resources;
			sourceTree = "<group>";
		};
		ED4298912B7A383E0086DE20 /* Helper */ = {
			isa = PBXGroup;
			children = (
				ED42987A2B76462F0086DE20 /* CircleImage.swift */,
				ED42987C2B7647460086DE20 /* MapView.swift */,
				ED42988F2B7A35920086DE20 /* FavoriteButton.swift */,
			);
			path = Helper;
			sourceTree = "<group>";
		};
		ED4298922B7A384F0086DE20 /* Landmarks */ = {
			isa = PBXGroup;
			children = (
				ED4298892B79F6F90086DE20 /* LandmarkRow.swift */,
				ED42988B2B79FEED0086DE20 /* LandmarkList.swift */,
				ED42988D2B7A00A70086DE20 /* LandmarkDetail.swift */,
			);
			path = Landmarks;
			sourceTree = "<group>";
		};
		ED42989D2B7A8F500086DE20 /* Badges */ = {
			isa = PBXGroup;
			children = (
				ED4298972B7A86770086DE20 /* BadgeSymbol.swift */,
				ED4298952B7A47EB0086DE20 /* BadgeBackground.swift */,
				ED4298992B7A8C780086DE20 /* RotatedBadgeSymbol.swift */,
				ED4298932B7A43AA0086DE20 /* HexagonParameters.swift */,
				ED42989B2B7A8CE40086DE20 /* Badge.swift */,
			);
			path = Badges;
			sourceTree = "<group>";
		};
		ED4298A22B7B30D10086DE20 /* Hikes */ = {
			isa = PBXGroup;
			children = (
				ED4298A32B7B30D10086DE20 /* GraphCapsule.swift */,
				ED4298A42B7B30D10086DE20 /* HikeGraph.swift */,
				ED4298A52B7B30D10086DE20 /* HikeDetail.swift */,
				ED4298A62B7B30D10086DE20 /* HikeView.swift */,
			);
			path = Hikes;
			sourceTree = "<group>";
		};
		ED7689602B7B648F00441726 /* Category */ = {
			isa = PBXGroup;
			children = (
				ED4298AB2B7B46B00086DE20 /* CategoryHome.swift */,
				ED4298AD2B7B4BFE0086DE20 /* CategoryRow.swift */,
				ED76895E2B7B5C4A00441726 /* CategoryItem.swift */,
			);
			path = Category;
			sourceTree = "<group>";
		};
		ED7689632B7B659E00441726 /* Profile */ = {
			isa = PBXGroup;
			children = (
				ED7689642B7B65B700441726 /* ProfileHost.swift */,
				ED7689662B7B67B500441726 /* ProfileSummary.swift */,
				ED7689682B7B6AE300441726 /* HikeBadge.swift */,
				ED76896A2B7B713400441726 /* ProfileEditor.swift */,
			);
			path = Profile;
			sourceTree = "<group>";
		};
/* End PBXGroup section */

/* Begin PBXNativeTarget section */
		ED4298482B76340B0086DE20 /* LandMark */ = {
			isa = PBXNativeTarget;
			buildConfigurationList = ED42986D2B76340D0086DE20 /* Build configuration list for PBXNativeTarget "LandMark" */;
			buildPhases = (
				ED4298452B76340B0086DE20 /* Sources */,
				ED4298462B76340B0086DE20 /* Frameworks */,
				ED4298472B76340B0086DE20 /* Resources */,
			);
			buildRules = (
			);
			dependencies = (
			);
			name = LandMark;
			productName = LandMark;
			productReference = ED4298492B76340B0086DE20 /* LandMark.app */;
			productType = "com.apple.product-type.application";
		};
		ED4298582B76340D0086DE20 /* LandMarkTests */ = {
			isa = PBXNativeTarget;
			buildConfigurationList = ED4298702B76340D0086DE20 /* Build configuration list for PBXNativeTarget "LandMarkTests" */;
			buildPhases = (
				ED4298552B76340D0086DE20 /* Sources */,
				ED4298562B76340D0086DE20 /* Frameworks */,
				ED4298572B76340D0086DE20 /* Resources */,
			);
			buildRules = (
			);
			dependencies = (
				ED42985B2B76340D0086DE20 /* PBXTargetDependency */,
			);
			name = LandMarkTests;
			productName = LandMarkTests;
			productReference = ED4298592B76340D0086DE20 /* LandMarkTests.xctest */;
			productType = "com.apple.product-type.bundle.unit-test";
		};
		ED4298622B76340D0086DE20 /* LandMarkUITests */ = {
			isa = PBXNativeTarget;
			buildConfigurationList = ED4298732B76340D0086DE20 /* Build configuration list for PBXNativeTarget "LandMarkUITests" */;
			buildPhases = (
				ED42985F2B76340D0086DE20 /* Sources */,
				ED4298602B76340D0086DE20 /* Frameworks */,
				ED4298612B76340D0086DE20 /* Resources */,
			);
			buildRules = (
			);
			dependencies = (
				ED4298652B76340D0086DE20 /* PBXTargetDependency */,
			);
			name = LandMarkUITests;
			productName = LandMarkUITests;
			productReference = ED4298632B76340D0086DE20 /* LandMarkUITests.xctest */;
			productType = "com.apple.product-type.bundle.ui-testing";
		};
/* End PBXNativeTarget section */

/* Begin PBXProject section */
		ED4298412B76340B0086DE20 /* Project object */ = {
			isa = PBXProject;
			attributes = {
				BuildIndependentTargetsInParallel = 1;
				LastSwiftUpdateCheck = 1520;
				LastUpgradeCheck = 1520;
				TargetAttributes = {
					ED4298482B76340B0086DE20 = {
						CreatedOnToolsVersion = 15.2;
					};
					ED4298582B76340D0086DE20 = {
						CreatedOnToolsVersion = 15.2;
						TestTargetID = ED4298482B76340B0086DE20;
					};
					ED4298622B76340D0086DE20 = {
						CreatedOnToolsVersion = 15.2;
						TestTargetID = ED4298482B76340B0086DE20;
					};
				};
			};
			buildConfigurationList = ED4298442B76340B0086DE20 /* Build configuration list for PBXProject "LandMark" */;
			compatibilityVersion = "Xcode 14.0";
			developmentRegion = en;
			hasScannedForEncodings = 0;
			knownRegions = (
				en,
				Base,
			);
			mainGroup = ED4298402B76340B0086DE20;
			productRefGroup = ED42984A2B76340B0086DE20 /* Products */;
			projectDirPath = "";
			projectRoot = "";
			targets = (
				ED4298482B76340B0086DE20 /* LandMark */,
				ED4298582B76340D0086DE20 /* LandMarkTests */,
				ED4298622B76340D0086DE20 /* LandMarkUITests */,
			);
		};
/* End PBXProject section */

/* Begin PBXResourcesBuildPhase section */
		ED4298472B76340B0086DE20 /* Resources */ = {
			isa = PBXResourcesBuildPhase;
			buildActionMask = 2147483647;
			files = (
				ED42989F2B7B2D380086DE20 /* hikeData.json in Resources */,
				ED4298542B76340C0086DE20 /* Preview Assets.xcassets in Resources */,
				ED4298512B76340C0086DE20 /* Assets.xcassets in Resources */,
				ED42987F2B79E1CD0086DE20 /* landmarkData.json in Resources */,
			);
			runOnlyForDeploymentPostprocessing = 0;
		};
		ED4298572B76340D0086DE20 /* Resources */ = {
			isa = PBXResourcesBuildPhase;
			buildActionMask = 2147483647;
			files = (
			);
			runOnlyForDeploymentPostprocessing = 0;
		};
		ED4298612B76340D0086DE20 /* Resources */ = {
			isa = PBXResourcesBuildPhase;
			buildActionMask = 2147483647;
			files = (
			);
			runOnlyForDeploymentPostprocessing = 0;
		};
/* End PBXResourcesBuildPhase section */

/* Begin PBXSourcesBuildPhase section */
		ED4298452B76340B0086DE20 /* Sources */ = {
			isa = PBXSourcesBuildPhase;
			buildActionMask = 2147483647;
			files = (
				ED4298AE2B7B4BFE0086DE20 /* CategoryRow.swift in Sources */,
				ED7689622B7B64B600441726 /* Profile.swift in Sources */,
				ED42984F2B76340B0086DE20 /* ContentView.swift in Sources */,
				ED4298AC2B7B46B00086DE20 /* CategoryHome.swift in Sources */,
				ED4298A82B7B30D20086DE20 /* HikeGraph.swift in Sources */,
				ED42989C2B7A8CE40086DE20 /* Badge.swift in Sources */,
				ED42987D2B7647460086DE20 /* MapView.swift in Sources */,
				ED4298A72B7B30D20086DE20 /* GraphCapsule.swift in Sources */,
				ED42984D2B76340B0086DE20 /* LandMarkApp.swift in Sources */,
				ED4298902B7A35920086DE20 /* FavoriteButton.swift in Sources */,
				ED76895F2B7B5C4A00441726 /* CategoryItem.swift in Sources */,
				ED4298A92B7B30D20086DE20 /* HikeDetail.swift in Sources */,
				ED7689672B7B67B500441726 /* ProfileSummary.swift in Sources */,
				ED4298942B7A43AA0086DE20 /* HexagonParameters.swift in Sources */,
				ED7689652B7B65B700441726 /* ProfileHost.swift in Sources */,
				ED4298A12B7B2D550086DE20 /* Hike.swift in Sources */,
				ED42989A2B7A8C780086DE20 /* RotatedBadgeSymbol.swift in Sources */,
				ED4298982B7A86770086DE20 /* BadgeSymbol.swift in Sources */,
				ED76896B2B7B713400441726 /* ProfileEditor.swift in Sources */,
				ED42988C2B79FEED0086DE20 /* LandmarkList.swift in Sources */,
				ED4298AA2B7B30D20086DE20 /* HikeView.swift in Sources */,
				ED42988E2B7A00A70086DE20 /* LandmarkDetail.swift in Sources */,
				ED4298962B7A47EB0086DE20 /* BadgeBackground.swift in Sources */,
				ED7689692B7B6AE300441726 /* HikeBadge.swift in Sources */,
				ED42987B2B76462F0086DE20 /* CircleImage.swift in Sources */,
				ED4298812B79E20B0086DE20 /* Landmark.swift in Sources */,
				ED42988A2B79F6F90086DE20 /* LandmarkRow.swift in Sources */,
				ED4298852B79EBB40086DE20 /* ModelData.swift in Sources */,
			);
			runOnlyForDeploymentPostprocessing = 0;
		};
		ED4298552B76340D0086DE20 /* Sources */ = {
			isa = PBXSourcesBuildPhase;
			buildActionMask = 2147483647;
			files = (
				ED42985E2B76340D0086DE20 /* LandMarkTests.swift in Sources */,
			);
			runOnlyForDeploymentPostprocessing = 0;
		};
		ED42985F2B76340D0086DE20 /* Sources */ = {
			isa = PBXSourcesBuildPhase;
			buildActionMask = 2147483647;
			files = (
				ED42986A2B76340D0086DE20 /* LandMarkUITestsLaunchTests.swift in Sources */,
				ED4298682B76340D0086DE20 /* LandMarkUITests.swift in Sources */,
			);
			runOnlyForDeploymentPostprocessing = 0;
		};
/* End PBXSourcesBuildPhase section */

/* Begin PBXTargetDependency section */
		ED42985B2B76340D0086DE20 /* PBXTargetDependency */ = {
			isa = PBXTargetDependency;
			target = ED4298482B76340B0086DE20 /* LandMark */;
			targetProxy = ED42985A2B76340D0086DE20 /* PBXContainerItemProxy */;
		};
		ED4298652B76340D0086DE20 /* PBXTargetDependency */ = {
			isa = PBXTargetDependency;
			target = ED4298482B76340B0086DE20 /* LandMark */;
			targetProxy = ED4298642B76340D0086DE20 /* PBXContainerItemProxy */;
		};
/* End PBXTargetDependency section */

/* Begin XCBuildConfiguration section */
		ED42986B2B76340D0086DE20 /* Debug */ = {
			isa = XCBuildConfiguration;
			buildSettings = {
				ALWAYS_SEARCH_USER_PATHS = NO;
				ASSETCATALOG_COMPILER_GENERATE_SWIFT_ASSET_SYMBOL_EXTENSIONS = YES;
				CLANG_ANALYZER_NONNULL = YES;
				CLANG_ANALYZER_NUMBER_OBJECT_CONVERSION = YES_AGGRESSIVE;
				CLANG_CXX_LANGUAGE_STANDARD = "gnu++20";
				CLANG_ENABLE_MODULES = YES;
				CLANG_ENABLE_OBJC_ARC = YES;
				CLANG_ENABLE_OBJC_WEAK = YES;
				CLANG_WARN_BLOCK_CAPTURE_AUTORELEASING = YES;
				CLANG_WARN_BOOL_CONVERSION = YES;
				CLANG_WARN_COMMA = YES;
				CLANG_WARN_CONSTANT_CONVERSION = YES;
				CLANG_WARN_DEPRECATED_OBJC_IMPLEMENTATIONS = YES;
				CLANG_WARN_DIRECT_OBJC_ISA_USAGE = YES_ERROR;
				CLANG_WARN_DOCUMENTATION_COMMENTS = YES;
				CLANG_WARN_EMPTY_BODY = YES;
				CLANG_WARN_ENUM_CONVERSION = YES;
				CLANG_WARN_INFINITE_RECURSION = YES;
				CLANG_WARN_INT_CONVERSION = YES;
				CLANG_WARN_NON_LITERAL_NULL_CONVERSION = YES;
				CLANG_WARN_OBJC_IMPLICIT_RETAIN_SELF = YES;
				CLANG_WARN_OBJC_LITERAL_CONVERSION = YES;
				CLANG_WARN_OBJC_ROOT_CLASS = YES_ERROR;
				CLANG_WARN_QUOTED_INCLUDE_IN_FRAMEWORK_HEADER = YES;
				CLANG_WARN_RANGE_LOOP_ANALYSIS = YES;
				CLANG_WARN_STRICT_PROTOTYPES = YES;
				CLANG_WARN_SUSPICIOUS_MOVE = YES;
				CLANG_WARN_UNGUARDED_AVAILABILITY = YES_AGGRESSIVE;
				CLANG_WARN_UNREACHABLE_CODE = YES;
				CLANG_WARN__DUPLICATE_METHOD_MATCH = YES;
				COPY_PHASE_STRIP = NO;
				DEBUG_INFORMATION_FORMAT = dwarf;
				ENABLE_STRICT_OBJC_MSGSEND = YES;
				ENABLE_TESTABILITY = YES;
				ENABLE_USER_SCRIPT_SANDBOXING = YES;
				GCC_C_LANGUAGE_STANDARD = gnu17;
				GCC_DYNAMIC_NO_PIC = NO;
				GCC_NO_COMMON_BLOCKS = YES;
				GCC_OPTIMIZATION_LEVEL = 0;
				GCC_PREPROCESSOR_DEFINITIONS = (
					"DEBUG=1",
					"$(inherited)",
				);
				GCC_WARN_64_TO_32_BIT_CONVERSION = YES;
				GCC_WARN_ABOUT_RETURN_TYPE = YES_ERROR;
				GCC_WARN_UNDECLARED_SELECTOR = YES;
				GCC_WARN_UNINITIALIZED_AUTOS = YES_AGGRESSIVE;
				GCC_WARN_UNUSED_FUNCTION = YES;
				GCC_WARN_UNUSED_VARIABLE = YES;
				IPHONEOS_DEPLOYMENT_TARGET = 17.2;
				LOCALIZATION_PREFERS_STRING_CATALOGS = YES;
				MTL_ENABLE_DEBUG_INFO = INCLUDE_SOURCE;
				MTL_FAST_MATH = YES;
				ONLY_ACTIVE_ARCH = YES;
				SDKROOT = iphoneos;
				SWIFT_ACTIVE_COMPILATION_CONDITIONS = "DEBUG $(inherited)";
				SWIFT_OPTIMIZATION_LEVEL = "-Onone";
			};
			name = Debug;
		};
		ED42986C2B76340D0086DE20 /* Release */ = {
			isa = XCBuildConfiguration;
			buildSettings = {
				ALWAYS_SEARCH_USER_PATHS = NO;
				ASSETCATALOG_COMPILER_GENERATE_SWIFT_ASSET_SYMBOL_EXTENSIONS = YES;
				CLANG_ANALYZER_NONNULL = YES;
				CLANG_ANALYZER_NUMBER_OBJECT_CONVERSION = YES_AGGRESSIVE;
				CLANG_CXX_LANGUAGE_STANDARD = "gnu++20";
				CLANG_ENABLE_MODULES = YES;
				CLANG_ENABLE_OBJC_ARC = YES;
				CLANG_ENABLE_OBJC_WEAK = YES;
				CLANG_WARN_BLOCK_CAPTURE_AUTORELEASING = YES;
				CLANG_WARN_BOOL_CONVERSION = YES;
				CLANG_WARN_COMMA = YES;
				CLANG_WARN_CONSTANT_CONVERSION = YES;
				CLANG_WARN_DEPRECATED_OBJC_IMPLEMENTATIONS = YES;
				CLANG_WARN_DIRECT_OBJC_ISA_USAGE = YES_ERROR;
				CLANG_WARN_DOCUMENTATION_COMMENTS = YES;
				CLANG_WARN_EMPTY_BODY = YES;
				CLANG_WARN_ENUM_CONVERSION = YES;
				CLANG_WARN_INFINITE_RECURSION = YES;
				CLANG_WARN_INT_CONVERSION = YES;
				CLANG_WARN_NON_LITERAL_NULL_CONVERSION = YES;
				CLANG_WARN_OBJC_IMPLICIT_RETAIN_SELF = YES;
				CLANG_WARN_OBJC_LITERAL_CONVERSION = YES;
				CLANG_WARN_OBJC_ROOT_CLASS = YES_ERROR;
				CLANG_WARN_QUOTED_INCLUDE_IN_FRAMEWORK_HEADER = YES;
				CLANG_WARN_RANGE_LOOP_ANALYSIS = YES;
				CLANG_WARN_STRICT_PROTOTYPES = YES;
				CLANG_WARN_SUSPICIOUS_MOVE = YES;
				CLANG_WARN_UNGUARDED_AVAILABILITY = YES_AGGRESSIVE;
				CLANG_WARN_UNREACHABLE_CODE = YES;
				CLANG_WARN__DUPLICATE_METHOD_MATCH = YES;
				COPY_PHASE_STRIP = NO;
				DEBUG_INFORMATION_FORMAT = "dwarf-with-dsym";
				ENABLE_NS_ASSERTIONS = NO;
				ENABLE_STRICT_OBJC_MSGSEND = YES;
				ENABLE_USER_SCRIPT_SANDBOXING = YES;
				GCC_C_LANGUAGE_STANDARD = gnu17;
				GCC_NO_COMMON_BLOCKS = YES;
				GCC_WARN_64_TO_32_BIT_CONVERSION = YES;
				GCC_WARN_ABOUT_RETURN_TYPE = YES_ERROR;
				GCC_WARN_UNDECLARED_SELECTOR = YES;
				GCC_WARN_UNINITIALIZED_AUTOS = YES_AGGRESSIVE;
				GCC_WARN_UNUSED_FUNCTION = YES;
				GCC_WARN_UNUSED_VARIABLE = YES;
				IPHONEOS_DEPLOYMENT_TARGET = 17.2;
				LOCALIZATION_PREFERS_STRING_CATALOGS = YES;
				MTL_ENABLE_DEBUG_INFO = NO;
				MTL_FAST_MATH = YES;
				SDKROOT = iphoneos;
				SWIFT_COMPILATION_MODE = wholemodule;
				VALIDATE_PRODUCT = YES;
			};
			name = Release;
		};
		ED42986E2B76340D0086DE20 /* Debug */ = {
			isa = XCBuildConfiguration;
			buildSettings = {
				ASSETCATALOG_COMPILER_APPICON_NAME = AppIcon;
				ASSETCATALOG_COMPILER_GLOBAL_ACCENT_COLOR_NAME = AccentColor;
				CODE_SIGN_STYLE = Automatic;
				CURRENT_PROJECT_VERSION = 1;
				DEVELOPMENT_ASSET_PATHS = "\"LandMark/Preview Content\"";
				ENABLE_PREVIEWS = YES;
				GENERATE_INFOPLIST_FILE = YES;
				INFOPLIST_KEY_UIApplicationSceneManifest_Generation = YES;
				INFOPLIST_KEY_UIApplicationSupportsIndirectInputEvents = YES;
				INFOPLIST_KEY_UILaunchScreen_Generation = YES;
				INFOPLIST_KEY_UISupportedInterfaceOrientations_iPad = "UIInterfaceOrientationPortrait UIInterfaceOrientationPortraitUpsideDown UIInterfaceOrientationLandscapeLeft UIInterfaceOrientationLandscapeRight";
				INFOPLIST_KEY_UISupportedInterfaceOrientations_iPhone = "UIInterfaceOrientationPortrait UIInterfaceOrientationLandscapeLeft UIInterfaceOrientationLandscapeRight";
				LD_RUNPATH_SEARCH_PATHS = (
					"$(inherited)",
					"@executable_path/Frameworks",
				);
				MARKETING_VERSION = 1.0;
				PRODUCT_BUNDLE_IDENTIFIER = com.nunify.LandMark;
				PRODUCT_NAME = "$(TARGET_NAME)";
				SWIFT_EMIT_LOC_STRINGS = YES;
				SWIFT_VERSION = 5.0;
				TARGETED_DEVICE_FAMILY = "1,2";
			};
			name = Debug;
		};
		ED42986F2B76340D0086DE20 /* Release */ = {
			isa = XCBuildConfiguration;
			buildSettings = {
				ASSETCATALOG_COMPILER_APPICON_NAME = AppIcon;
				ASSETCATALOG_COMPILER_GLOBAL_ACCENT_COLOR_NAME = AccentColor;
				CODE_SIGN_STYLE = Automatic;
				CURRENT_PROJECT_VERSION = 1;
				DEVELOPMENT_ASSET_PATHS = "\"LandMark/Preview Content\"";
				ENABLE_PREVIEWS = YES;
				GENERATE_INFOPLIST_FILE = YES;
				INFOPLIST_KEY_UIApplicationSceneManifest_Generation = YES;
				INFOPLIST_KEY_UIApplicationSupportsIndirectInputEvents = YES;
				INFOPLIST_KEY_UILaunchScreen_Generation = YES;
				INFOPLIST_KEY_UISupportedInterfaceOrientations_iPad = "UIInterfaceOrientationPortrait UIInterfaceOrientationPortraitUpsideDown UIInterfaceOrientationLandscapeLeft UIInterfaceOrientationLandscapeRight";
				INFOPLIST_KEY_UISupportedInterfaceOrientations_iPhone = "UIInterfaceOrientationPortrait UIInterfaceOrientationLandscapeLeft UIInterfaceOrientationLandscapeRight";
				LD_RUNPATH_SEARCH_PATHS = (
					"$(inherited)",
					"@executable_path/Frameworks",
				);
				MARKETING_VERSION = 1.0;
				PRODUCT_BUNDLE_IDENTIFIER = com.nunify.LandMark;
				PRODUCT_NAME = "$(TARGET_NAME)";
				SWIFT_EMIT_LOC_STRINGS = YES;
				SWIFT_VERSION = 5.0;
				TARGETED_DEVICE_FAMILY = "1,2";
			};
			name = Release;
		};
		ED4298712B76340D0086DE20 /* Debug */ = {
			isa = XCBuildConfiguration;
			buildSettings = {
				ALWAYS_EMBED_SWIFT_STANDARD_LIBRARIES = YES;
				BUNDLE_LOADER = "$(TEST_HOST)";
				CODE_SIGN_STYLE = Automatic;
				CURRENT_PROJECT_VERSION = 1;
				GENERATE_INFOPLIST_FILE = YES;
				IPHONEOS_DEPLOYMENT_TARGET = 17.2;
				MARKETING_VERSION = 1.0;
				PRODUCT_BUNDLE_IDENTIFIER = com.nunify.LandMarkTests;
				PRODUCT_NAME = "$(TARGET_NAME)";
				SWIFT_EMIT_LOC_STRINGS = NO;
				SWIFT_VERSION = 5.0;
				TARGETED_DEVICE_FAMILY = "1,2";
				TEST_HOST = "$(BUILT_PRODUCTS_DIR)/LandMark.app/$(BUNDLE_EXECUTABLE_FOLDER_PATH)/LandMark";
			};
			name = Debug;
		};
		ED4298722B76340D0086DE20 /* Release */ = {
			isa = XCBuildConfiguration;
			buildSettings = {
				ALWAYS_EMBED_SWIFT_STANDARD_LIBRARIES = YES;
				BUNDLE_LOADER = "$(TEST_HOST)";
				CODE_SIGN_STYLE = Automatic;
				CURRENT_PROJECT_VERSION = 1;
				GENERATE_INFOPLIST_FILE = YES;
				IPHONEOS_DEPLOYMENT_TARGET = 17.2;
				MARKETING_VERSION = 1.0;
				PRODUCT_BUNDLE_IDENTIFIER = com.nunify.LandMarkTests;
				PRODUCT_NAME = "$(TARGET_NAME)";
				SWIFT_EMIT_LOC_STRINGS = NO;
				SWIFT_VERSION = 5.0;
				TARGETED_DEVICE_FAMILY = "1,2";
				TEST_HOST = "$(BUILT_PRODUCTS_DIR)/LandMark.app/$(BUNDLE_EXECUTABLE_FOLDER_PATH)/LandMark";
			};
			name = Release;
		};
		ED4298742B76340D0086DE20 /* Debug */ = {
			isa = XCBuildConfiguration;
			buildSettings = {
				ALWAYS_EMBED_SWIFT_STANDARD_LIBRARIES = YES;
				CODE_SIGN_STYLE = Automatic;
				CURRENT_PROJECT_VERSION = 1;
				GENERATE_INFOPLIST_FILE = YES;
				MARKETING_VERSION = 1.0;
				PRODUCT_BUNDLE_IDENTIFIER = com.nunify.LandMarkUITests;
				PRODUCT_NAME = "$(TARGET_NAME)";
				SWIFT_EMIT_LOC_STRINGS = NO;
				SWIFT_VERSION = 5.0;
				TARGETED_DEVICE_FAMILY = "1,2";
				TEST_TARGET_NAME = LandMark;
			};
			name = Debug;
		};
		ED4298752B76340D0086DE20 /* Release */ = {
			isa = XCBuildConfiguration;
			buildSettings = {
				ALWAYS_EMBED_SWIFT_STANDARD_LIBRARIES = YES;
				CODE_SIGN_STYLE = Automatic;
				CURRENT_PROJECT_VERSION = 1;
				GENERATE_INFOPLIST_FILE = YES;
				MARKETING_VERSION = 1.0;
				PRODUCT_BUNDLE_IDENTIFIER = com.nunify.LandMarkUITests;
				PRODUCT_NAME = "$(TARGET_NAME)";
				SWIFT_EMIT_LOC_STRINGS = NO;
				SWIFT_VERSION = 5.0;
				TARGETED_DEVICE_FAMILY = "1,2";
				TEST_TARGET_NAME = LandMark;
			};
			name = Release;
		};
/* End XCBuildConfiguration section */

/* Begin XCConfigurationList section */
		ED4298442B76340B0086DE20 /* Build configuration list for PBXProject "LandMark" */ = {
			isa = XCConfigurationList;
			buildConfigurations = (
				ED42986B2B76340D0086DE20 /* Debug */,
				ED42986C2B76340D0086DE20 /* Release */,
			);
			defaultConfigurationIsVisible = 0;
			defaultConfigurationName = Release;
		};
		ED42986D2B76340D0086DE20 /* Build configuration list for PBXNativeTarget "LandMark" */ = {
			isa = XCConfigurationList;
			buildConfigurations = (
				ED42986E2B76340D0086DE20 /* Debug */,
				ED42986F2B76340D0086DE20 /* Release */,
			);
			defaultConfigurationIsVisible = 0;
			defaultConfigurationName = Release;
		};
		ED4298702B76340D0086DE20 /* Build configuration list for PBXNativeTarget "LandMarkTests" */ = {
			isa = XCConfigurationList;
			buildConfigurations = (
				ED4298712B76340D0086DE20 /* Debug */,
				ED4298722B76340D0086DE20 /* Release */,
			);
			defaultConfigurationIsVisible = 0;
			defaultConfigurationName = Release;
		};
		ED4298732B76340D0086DE20 /* Build configuration list for PBXNativeTarget "LandMarkUITests" */ = {
			isa = XCConfigurationList;
			buildConfigurations = (
				ED4298742B76340D0086DE20 /* Debug */,
				ED4298752B76340D0086DE20 /* Release */,
			);
			defaultConfigurationIsVisible = 0;
			defaultConfigurationName = Release;
		};
/* End XCConfigurationList section */
	};
	rootObject = ED4298412B76340B0086DE20 /* Project object */;
}
